
Microsoft Visual Studio Solution File, Format Version 12.00
# Visual Studio 15
VisualStudioVersion = 15.0.28010.2026
MinimumVisualStudioVersion = 10.0.40219.1
Project("{FAE04EC0-301F-11D3-BF4B-00C04F79EFBC}") = "SwordSwinger", "SwordSwinger\SwordSwinger.csproj", "{2D4ABFBE-7FAC-4E49-97BE-8AEEED6931A3}"
EndProject
Project("{FAE04EC0-301F-11D3-BF4B-00C04F79EFBC}") = "SwordSwinger.Models", "SwordSwinger.Models\SwordSwinger.Models.csproj", "{34DACD18-B928-464E-ADBA-54BA3A402496}"
EndProject
Project("{FAE04EC0-301F-11D3-BF4B-00C04F79EFBC}") = "SwordSwinger.Repositories", "SwordSwinger.Repositories\SwordSwinger.Repositories.csproj", "{1955AA57-2467-4974-89A1-D2E4F356045B}"
EndProject
Project("{FAE04EC0-301F-11D3-BF4B-00C04F79EFBC}") = "SwordSlingerTests", "SwordSlingerTests\SwordSlingerTests.csproj", "{782C406D-E7B9-49CD-9BFC-5BEDBB6CEFF2}"
EndProject
Global
	GlobalSection(SolutionConfigurationPlatforms) = preSolution
		Debug|Any CPU = Debug|Any CPU
		Release|Any CPU = Release|Any CPU
	EndGlobalSection
	GlobalSection(ProjectConfigurationPlatforms) = postSolution
		{2D4ABFBE-7FAC-4E49-97BE-8AEEED6931A3}.Debug|Any CPU.ActiveCfg = Debug|Any CPU
		{2D4ABFBE-7FAC-4E49-97BE-8AEEED6931A3}.Debug|Any CPU.Build.0 = Debug|Any CPU
		{2D4ABFBE-7FAC-4E49-97BE-8AEEED6931A3}.Release|Any CPU.ActiveCfg = Release|Any CPU
		{2D4ABFBE-7FAC-4E49-97BE-8AEEED6931A3}.Release|Any CPU.Build.0 = Release|Any CPU
		{34DACD18-B928-464E-ADBA-54BA3A402496}.Debug|Any CPU.ActiveCfg = Debug|Any CPU
		{34DACD18-B928-464E-ADBA-54BA3A402496}.Debug|Any CPU.Build.0 = Debug|Any CPU
		{34DACD18-B928-464E-ADBA-54BA3A402496}.Release|Any CPU.ActiveCfg = Release|Any CPU
		{34DACD18-B928-464E-ADBA-54BA3A402496}.Release|Any CPU.Build.0 = Release|Any CPU
		{1955AA57-2467-4974-89A1-D2E4F356045B}.Debug|Any CPU.ActiveCfg = Debug|Any CPU
		{1955AA57-2467-4974-89A1-D2E4F356045B}.Debug|Any CPU.Build.0 = Debug|Any CPU
		{1955AA57-2467-4974-89A1-D2E4F356045B}.Release|Any CPU.ActiveCfg = Release|Any CPU
		{1955AA57-2467-4974-89A1-D2E4F356045B}.Release|Any CPU.Build.0 = Release|Any CPU
		{782C406D-E7B9-49CD-9BFC-5BEDBB6CEFF2}.Debug|Any CPU.ActiveCfg = Debug|Any CPU
		{782C406D-E7B9-49CD-9BFC-5BEDBB6CEFF2}.Debug|Any CPU.Build.0 = Debug|Any CPU
		{782C406D-E7B9-49CD-9BFC-5BEDBB6CEFF2}.Release|Any CPU.ActiveCfg = Release|Any CPU
		{782C406D-E7B9-49CD-9BFC-5BEDBB6CEFF2}.Release|Any CPU.Build.0 = Release|Any CPU
	EndGlobalSection
	GlobalSection(SolutionProperties) = preSolution
		HideSolutionNode = FALSE
	EndGlobalSection
	GlobalSection(ExtensibilityGlobals) = postSolution
		SolutionGuid = {B1733CED-C215-4C5A-B9E8-00AEA6CC86CA}
	EndGlobalSection
EndGlobal
